
Microsoft Visual Studio Solution File, Format Version 12.00
# Visual Studio 14
VisualStudioVersion = 14.0.25420.1
MinimumVisualStudioVersion = 10.0.40219.1
Project("{FAE04EC0-301F-11D3-BF4B-00C04F79EFBC}") = "JuryAthlete", "JuryAthlete\JuryAthlete.csproj", "{FAC07814-C5EA-4C71-9503-2EC72A0382C4}"
EndProject
Project("{FAE04EC0-301F-11D3-BF4B-00C04F79EFBC}") = "JuryAthlete.Common", "JuryAthlete.Common\JuryAthlete.Common.csproj", "{7C1AA007-1349-4EB2-AEF4-EF8A4D23AD00}"
EndProject
Project("{FAE04EC0-301F-11D3-BF4B-00C04F79EFBC}") = "JuryAthlete.BusinessLayer", "JuryAthlete.BusinessLayer\JuryAthlete.BusinessLayer.csproj", "{768397C0-E591-426D-81D3-0256239FAFE1}"
EndProject
Project("{FAE04EC0-301F-11D3-BF4B-00C04F79EFBC}") = "JuryAthlete.API", "JuryAthlete.API\JuryAthlete.API.csproj", "{BFDAB306-E000-47F8-8DC1-C5AACEE24767}"
EndProject
Project("{FAE04EC0-301F-11D3-BF4B-00C04F79EFBC}") = "JuryAthlete.DAL.MSSQL", "JuryAthlete.DAL.MSSQL\JuryAthlete.DAL.MSSQL.csproj", "{7A8D0E84-6990-4769-83B4-941497C2AFDC}"
EndProject
Project("{FAE04EC0-301F-11D3-BF4B-00C04F79EFBC}") = "JuryAthlete.DAL.MySQL", "JuryAthlete.DAL.MySQL\JuryAthlete.DAL.MySQL.csproj", "{48EF300D-E4D5-4436-876F-3D04219815B4}"
EndProject
Global
	GlobalSection(SolutionConfigurationPlatforms) = preSolution
		Debug|Any CPU = Debug|Any CPU
		Release|Any CPU = Release|Any CPU
	EndGlobalSection
	GlobalSection(ProjectConfigurationPlatforms) = postSolution
		{FAC07814-C5EA-4C71-9503-2EC72A0382C4}.Debug|Any CPU.ActiveCfg = Debug|Any CPU
		{FAC07814-C5EA-4C71-9503-2EC72A0382C4}.Debug|Any CPU.Build.0 = Debug|Any CPU
		{FAC07814-C5EA-4C71-9503-2EC72A0382C4}.Release|Any CPU.ActiveCfg = Release|Any CPU
		{FAC07814-C5EA-4C71-9503-2EC72A0382C4}.Release|Any CPU.Build.0 = Release|Any CPU
		{7C1AA007-1349-4EB2-AEF4-EF8A4D23AD00}.Debug|Any CPU.ActiveCfg = Debug|Any CPU
		{7C1AA007-1349-4EB2-AEF4-EF8A4D23AD00}.Debug|Any CPU.Build.0 = Debug|Any CPU
		{7C1AA007-1349-4EB2-AEF4-EF8A4D23AD00}.Release|Any CPU.ActiveCfg = Release|Any CPU
		{7C1AA007-1349-4EB2-AEF4-EF8A4D23AD00}.Release|Any CPU.Build.0 = Release|Any CPU
		{768397C0-E591-426D-81D3-0256239FAFE1}.Debug|Any CPU.ActiveCfg = Debug|Any CPU
		{768397C0-E591-426D-81D3-0256239FAFE1}.Debug|Any CPU.Build.0 = Debug|Any CPU
		{768397C0-E591-426D-81D3-0256239FAFE1}.Release|Any CPU.ActiveCfg = Release|Any CPU
		{768397C0-E591-426D-81D3-0256239FAFE1}.Release|Any CPU.Build.0 = Release|Any CPU
		{BFDAB306-E000-47F8-8DC1-C5AACEE24767}.Debug|Any CPU.ActiveCfg = Debug|Any CPU
		{BFDAB306-E000-47F8-8DC1-C5AACEE24767}.Debug|Any CPU.Build.0 = Debug|Any CPU
		{BFDAB306-E000-47F8-8DC1-C5AACEE24767}.Release|Any CPU.ActiveCfg = Release|Any CPU
		{BFDAB306-E000-47F8-8DC1-C5AACEE24767}.Release|Any CPU.Build.0 = Release|Any CPU
		{7A8D0E84-6990-4769-83B4-941497C2AFDC}.Debug|Any CPU.ActiveCfg = Debug|Any CPU
		{7A8D0E84-6990-4769-83B4-941497C2AFDC}.Debug|Any CPU.Build.0 = Debug|Any CPU
		{7A8D0E84-6990-4769-83B4-941497C2AFDC}.Release|Any CPU.ActiveCfg = Release|Any CPU
		{7A8D0E84-6990-4769-83B4-941497C2AFDC}.Release|Any CPU.Build.0 = Release|Any CPU
		{48EF300D-E4D5-4436-876F-3D04219815B4}.Debug|Any CPU.ActiveCfg = Debug|Any CPU
		{48EF300D-E4D5-4436-876F-3D04219815B4}.Debug|Any CPU.Build.0 = Debug|Any CPU
		{48EF300D-E4D5-4436-876F-3D04219815B4}.Release|Any CPU.ActiveCfg = Release|Any CPU
		{48EF300D-E4D5-4436-876F-3D04219815B4}.Release|Any CPU.Build.0 = Release|Any CPU
	EndGlobalSection
	GlobalSection(SolutionProperties) = preSolution
		HideSolutionNode = FALSE
	EndGlobalSection
EndGlobal
